{
  "name": "codemods",
  "version": "1.0.0",
  "lockfileVersion": 3,
  "requires": true,
  "packages": {
    "": {
      "name": "codemods",
      "version": "1.0.0",
      "license": "MIT",
      "devDependencies": {
        "@ast-grep/cli": "^0.33.1",
        "prettier": "^3.4.2"
      }
    },
    "node_modules/@ast-grep/cli": {
      "version": "0.33.1",
      "resolved": "https://registry.npmjs.org/@ast-grep/cli/-/cli-0.33.1.tgz",
      "integrity": "sha512-AWKVwK+5vMBAkAogWGuBky2vHow+pzhV47TOBDNl+bHgDDRVZzwOZlEzA6BPpMBCe7TNBTq+nF241OR4zl1mYA==",
      "dev": true,
      "hasInstallScript": true,
      "dependencies": {
        "detect-libc": "2.0.3"
      },
      "bin": {
        "ast-grep": "ast-grep",
        "sg": "sg"
      },
      "engines": {
        "node": ">= 12.0.0"
      },
      "optionalDependencies": {
        "@ast-grep/cli-darwin-arm64": "0.33.1",
        "@ast-grep/cli-darwin-x64": "0.33.1",
        "@ast-grep/cli-linux-arm64-gnu": "0.33.1",
        "@ast-grep/cli-linux-x64-gnu": "0.33.1",
        "@ast-grep/cli-win32-arm64-msvc": "0.33.1",
        "@ast-grep/cli-win32-ia32-msvc": "0.33.1",
        "@ast-grep/cli-win32-x64-msvc": "0.33.1"
      }
    },
    "node_modules/@ast-grep/cli-darwin-arm64": {
      "version": "0.33.1",
      "resolved": "https://registry.npmjs.org/@ast-grep/cli-darwin-arm64/-/cli-darwin-arm64-0.33.1.tgz",
      "integrity": "sha512-21WmhOBtOxwH6RC0OgY3BKWjp3KbZ0hszXWTV4rG/ONmfjpVzxuf1D3y6Gb7vyHA9qX/7OvLewF/9OmmrPHRqA==",
      "cpu": [
        "arm64"
      ],
      "dev": true,
      "license": "MIT",
      "optional": true,
      "os": [
        "darwin"
      ],
      "engines": {
        "node": ">= 10"
      }
    },
    "node_modules/@ast-grep/cli-darwin-x64": {
      "version": "0.33.1",
      "resolved": "https://registry.npmjs.org/@ast-grep/cli-darwin-x64/-/cli-darwin-x64-0.33.1.tgz",
      "integrity": "sha512-RmPGMPa3vmUiVNyDIsLG1IWk4S7Mel1yffq0vQdrsNzw7owgCYbYC2LRfaE4uPyjwgJT8X3DzXOo+0FY0u75YQ==",
      "cpu": [
        "x64"
      ],
      "dev": true,
      "license": "MIT",
      "optional": true,
      "os": [
        "darwin"
      ],
      "engines": {
        "node": ">= 10"
      }
    },
    "node_modules/@ast-grep/cli-linux-arm64-gnu": {
      "version": "0.33.1",
      "resolved": "https://registry.npmjs.org/@ast-grep/cli-linux-arm64-gnu/-/cli-linux-arm64-gnu-0.33.1.tgz",
      "integrity": "sha512-3TsuzywwkVlIHMHADpElOCo7Rz9+PEYeXU4zujf+79jFEWDDO9xlgeOpdqPzMkoN4FerV8UvRceJNtpfvq02oA==",
      "cpu": [
        "arm64"
      ],
      "dev": true,
      "license": "MIT",
      "optional": true,
      "os": [
        "linux"
      ],
      "engines": {
        "node": ">= 10"
      }
    },
    "node_modules/@ast-grep/cli-linux-x64-gnu": {
      "version": "0.33.1",
      "resolved": "https://registry.npmjs.org/@ast-grep/cli-linux-x64-gnu/-/cli-linux-x64-gnu-0.33.1.tgz",
      "integrity": "sha512-QfhJ10a/eyaDvCoUPmjhEzq8R/x1tTZOdMHYGC/eVqOkTGnZnmm3oq12VH2MZHE27lnwdh/XKOvB+nuV1KXhyQ==",
      "cpu": [
        "x64"
      ],
      "dev": true,
      "license": "MIT",
      "optional": true,
      "os": [
        "linux"
      ],
      "engines": {
        "node": ">= 10"
      }
    },
    "node_modules/@ast-grep/cli-win32-arm64-msvc": {
      "version": "0.33.1",
      "resolved": "https://registry.npmjs.org/@ast-grep/cli-win32-arm64-msvc/-/cli-win32-arm64-msvc-0.33.1.tgz",
      "integrity": "sha512-YhqS5jD1SvpsRbXyTTcubh4vMiGR1CdjTAcsTjKMBLdG2d9E+cBN0XbRW4QV16piG6gZY58CjG/Yqlbskez+mA==",
      "cpu": [
        "arm64"
      ],
      "dev": true,
      "license": "MIT",
      "optional": true,
      "os": [
        "win32"
      ],
      "engines": {
        "node": ">= 10"
      }
    },
    "node_modules/@ast-grep/cli-win32-ia32-msvc": {
      "version": "0.33.1",
      "resolved": "https://registry.npmjs.org/@ast-grep/cli-win32-ia32-msvc/-/cli-win32-ia32-msvc-0.33.1.tgz",
      "integrity": "sha512-vu5YFK6yRaVsA3/+05uWeEB8JykFWJrsUHfFAbJlIyBmVWvQOg+Jgfi8uvHdRLeax7z5vfSE8/xyIVZBpcVt3A==",
      "cpu": [
        "ia32"
      ],
      "dev": true,
      "license": "MIT",
      "optional": true,
      "os": [
        "win32"
      ],
      "engines": {
        "node": ">= 10"
      }
    },
    "node_modules/@ast-grep/cli-win32-x64-msvc": {
      "version": "0.33.1",
      "resolved": "https://registry.npmjs.org/@ast-grep/cli-win32-x64-msvc/-/cli-win32-x64-msvc-0.33.1.tgz",
      "integrity": "sha512-75F0EdTe81uCYgk3RW5i+8Z7nZaRVTsS+diQXbgxhl2TZ6IU3RPUfX2D0qii4/exDAeUJvKAc3LhvmekETxcgA==",
      "cpu": [
        "x64"
      ],
      "dev": true,
      "license": "MIT",
      "optional": true,
      "os": [
        "win32"
      ],
      "engines": {
        "node": ">= 10"
      }
    },
    "node_modules/detect-libc": {
      "version": "2.0.3",
      "resolved": "https://registry.npmjs.org/detect-libc/-/detect-libc-2.0.3.tgz",
      "integrity": "sha512-bwy0MGW55bG41VqxxypOsdSdGqLwXPI/focwgTYCFMbdUiBAxLg9CFzG08sz2aqzknwiX7Hkl0bQENjg8iLByw==",
      "dev": true,
      "license": "Apache-2.0",
      "engines": {
        "node": ">=8"
      }
    },
    "node_modules/prettier": {
      "version": "3.4.2",
      "resolved": "https://registry.npmjs.org/prettier/-/prettier-3.4.2.tgz",
      "integrity": "sha512-e9MewbtFo+Fevyuxn/4rrcDAaq0IYxPGLvObpQjiZBMAzB9IGmzlnG9RZy3FFas+eBMu2vA0CszMeduow5dIuQ==",
      "dev": true,
      "license": "MIT",
      "bin": {
        "prettier": "bin/prettier.cjs"
      },
      "engines": {
        "node": ">=14"
      },
      "funding": {
        "url": "https://github.com/prettier/prettier?sponsor=1"
      }
    }
  }
}
